
Microsoft Visual Studio Solution File, Format Version 12.00
# Visual Studio Version 16
VisualStudioVersion = 16.0.30320.27
MinimumVisualStudioVersion = 10.0.40219.1
Project("{9A19103F-16F7-4668-BE54-9A1E7A4F7556}") = "FileUtilities", "FileWatcher\FileUtilities.csproj", "{75C2BA0B-F081-4D54-BD6B-B1E1633B5F5F}"
EndProject
Project("{9A19103F-16F7-4668-BE54-9A1E7A4F7556}") = "CAWatcherTestProject", "CAWatcherTestProject\CAWatcherTestProject.csproj", "{61AE109E-1700-47BD-BB73-52130B2F70EF}"
EndProject
Global
	GlobalSection(SolutionConfigurationPlatforms) = preSolution
		Debug|Any CPU = Debug|Any CPU
		Release|Any CPU = Release|Any CPU
	EndGlobalSection
	GlobalSection(ProjectConfigurationPlatforms) = postSolution
		{75C2BA0B-F081-4D54-BD6B-B1E1633B5F5F}.Debug|Any CPU.ActiveCfg = Debug|Any CPU
		{75C2BA0B-F081-4D54-BD6B-B1E1633B5F5F}.Debug|Any CPU.Build.0 = Debug|Any CPU
		{75C2BA0B-F081-4D54-BD6B-B1E1633B5F5F}.Release|Any CPU.ActiveCfg = Release|Any CPU
		{75C2BA0B-F081-4D54-BD6B-B1E1633B5F5F}.Release|Any CPU.Build.0 = Release|Any CPU
		{61AE109E-1700-47BD-BB73-52130B2F70EF}.Debug|Any CPU.ActiveCfg = Debug|Any CPU
		{61AE109E-1700-47BD-BB73-52130B2F70EF}.Debug|Any CPU.Build.0 = Debug|Any CPU
		{61AE109E-1700-47BD-BB73-52130B2F70EF}.Release|Any CPU.ActiveCfg = Release|Any CPU
		{61AE109E-1700-47BD-BB73-52130B2F70EF}.Release|Any CPU.Build.0 = Release|Any CPU
	EndGlobalSection
	GlobalSection(SolutionProperties) = preSolution
		HideSolutionNode = FALSE
	EndGlobalSection
	GlobalSection(ExtensibilityGlobals) = postSolution
		SolutionGuid = {8CC378F7-FA99-4B04-8E4D-88A44D7B2247}
	EndGlobalSection
EndGlobal
